PODS:
  - IDCheckIOSDK (6.0.0):
    - Starscream (~> 4.0.4)
    - SwiftProtobuf (~> 1.6.0)
  - Starscream (4.0.4)
  - SwiftProtobuf (1.6.0)

DEPENDENCIES:
  - IDCheckIOSDK (= 6.0.0)

SPEC REPOS:
  https://git-externe.rennes.ariadnext.com/idcheckio/axt-podspecs.git:
    - IDCheckIOSDK
  https://github.com/CocoaPods/Specs.git:
    - Starscream
    - SwiftProtobuf

SPEC CHECKSUMS:
  IDCheckIOSDK: 57feccf02a2fba4290480c5cd76280d4a1eb64b1
  Starscream: 5178aed56b316f13fa3bc55694e583d35dd414d9
  SwiftProtobuf: e905ca1366405696411aaf174411c4b19c0ef73d

PODFILE CHECKSUM: 5d0764523ecae94df62bc34b4e56edfe28befd4e

COCOAPODS: 1.10.1
