PODS:
  - IDCheckIOSDK (7.0.0)

DEPENDENCIES:
  - IDCheckIOSDK (= 7.0.0)

SPEC REPOS:
  https://git-externe.rennes.ariadnext.com/idcheckio/axt-podspecs.git:
    - IDCheckIOSDK

SPEC CHECKSUMS:
  IDCheckIOSDK: 7e4279e0e41f0e1a54a95f9b6ac70c9e1277adc2

PODFILE CHECKSUM: 9201d6543a7f39c36e278560c1318dfc11109afe

COCOAPODS: 1.11.3
