PODS:
  - IDCheckIOSDK (8.0.0):
    - SunflowerUIKit (= 1.0.9)
  - SunflowerUIKit (1.0.9)

DEPENDENCIES:
  - IDCheckIOSDK (= 8.0.0)

SPEC REPOS:
  https://gitlab.rennes.ariadnext.com/mobile/podspecs-private-repo.git:
    - IDCheckIOSDK
    - SunflowerUIKit

SPEC CHECKSUMS:
  IDCheckIOSDK: 330f1b95a69cd5ffe0e0c0022df255130d5292ac
  SunflowerUIKit: 694e07cd3a2a007d2996a6f27263dc941eb5d154

PODFILE CHECKSUM: 0cfe57e26f2dcd4219303bb2ae1077a2f4ac3a2f

COCOAPODS: 1.14.3
